# THIS IS AN AUTOGENERATED FILE. DO NOT EDIT THIS FILE DIRECTLY.
# yarn lockfile v1


laravel-mix-eslint-config@^0.1.7:
  version "0.1.7"
  resolved "https://registry.yarnpkg.com/laravel-mix-eslint-config/-/laravel-mix-eslint-config-0.1.7.tgz#591c9813ccab2e9fb1b24f76b5165c2a1c903d9f"
  integrity sha512-QbtWUD0zrQJ6V2VVYzhVXyk3smTYqwKIsJP9blGNThi9U3l+ALh8qOHt1WeQ4NXZmMnWeM5t+lXYQDywhPNKCg==
